
Microsoft Visual Studio Solution File, Format Version 12.00
# Visual Studio 15
VisualStudioVersion = 15.0.28307.757
MinimumVisualStudioVersion = 10.0.40219.1
Project("{888888A0-9F3D-457C-B088-3A5042F75D52}") = "KerasTensorflowImage", "KerasTensorflowImage\KerasTensorflowImage.pyproj", "{F76C1F92-57AC-4F1A-BD0F-C2B69A7096D1}"
EndProject
Global
	GlobalSection(SolutionConfigurationPlatforms) = preSolution
		Debug|Any CPU = Debug|Any CPU
		Release|Any CPU = Release|Any CPU
	EndGlobalSection
	GlobalSection(ProjectConfigurationPlatforms) = postSolution
		{F76C1F92-57AC-4F1A-BD0F-C2B69A7096D1}.Debug|Any CPU.ActiveCfg = Debug|Any CPU
		{F76C1F92-57AC-4F1A-BD0F-C2B69A7096D1}.Release|Any CPU.ActiveCfg = Release|Any CPU
	EndGlobalSection
	GlobalSection(SolutionProperties) = preSolution
		HideSolutionNode = FALSE
	EndGlobalSection
	GlobalSection(ExtensibilityGlobals) = postSolution
		SolutionGuid = {D77EF5BB-FE66-48A1-9876-0911D68CF482}
	EndGlobalSection
EndGlobal
